
Microsoft Visual Studio Solution File, Format Version 12.00
# Visual Studio 15
VisualStudioVersion = 15.0.28010.2026
MinimumVisualStudioVersion = 10.0.40219.1
Project("{FAE04EC0-301F-11D3-BF4B-00C04F79EFBC}") = "HotelWCF", "HotelWCF\HotelWCF.csproj", "{BAAA79DE-5625-4AC8-9BE1-7B0326353E91}"
EndProject
Project("{FAE04EC0-301F-11D3-BF4B-00C04F79EFBC}") = "HotelClient", "HotelClient\HotelClient.csproj", "{2C372565-8D1E-4E8D-A8EF-25DE3AE9771B}"
	ProjectSection(ProjectDependencies) = postProject
		{BAAA79DE-5625-4AC8-9BE1-7B0326353E91} = {BAAA79DE-5625-4AC8-9BE1-7B0326353E91}
	EndProjectSection
EndProject
Global
	GlobalSection(SolutionConfigurationPlatforms) = preSolution
		Debug|Any CPU = Debug|Any CPU
		Release|Any CPU = Release|Any CPU
	EndGlobalSection
	GlobalSection(ProjectConfigurationPlatforms) = postSolution
		{BAAA79DE-5625-4AC8-9BE1-7B0326353E91}.Debug|Any CPU.ActiveCfg = Debug|Any CPU
		{BAAA79DE-5625-4AC8-9BE1-7B0326353E91}.Debug|Any CPU.Build.0 = Debug|Any CPU
		{BAAA79DE-5625-4AC8-9BE1-7B0326353E91}.Release|Any CPU.ActiveCfg = Release|Any CPU
		{BAAA79DE-5625-4AC8-9BE1-7B0326353E91}.Release|Any CPU.Build.0 = Release|Any CPU
		{2C372565-8D1E-4E8D-A8EF-25DE3AE9771B}.Debug|Any CPU.ActiveCfg = Debug|Any CPU
		{2C372565-8D1E-4E8D-A8EF-25DE3AE9771B}.Debug|Any CPU.Build.0 = Debug|Any CPU
		{2C372565-8D1E-4E8D-A8EF-25DE3AE9771B}.Release|Any CPU.ActiveCfg = Release|Any CPU
		{2C372565-8D1E-4E8D-A8EF-25DE3AE9771B}.Release|Any CPU.Build.0 = Release|Any CPU
	EndGlobalSection
	GlobalSection(SolutionProperties) = preSolution
		HideSolutionNode = FALSE
	EndGlobalSection
	GlobalSection(ExtensibilityGlobals) = postSolution
		SolutionGuid = {E6DBD29D-3382-4EA4-9EA1-098A9F335BD6}
	EndGlobalSection
EndGlobal
